
Microsoft Visual Studio Solution File, Format Version 12.00
# Visual Studio Version 17
VisualStudioVersion = 17.11.35312.102
MinimumVisualStudioVersion = 10.0.40219.1
Project("{FAE04EC0-301F-11D3-BF4B-00C04F79EFBC}") = "WpfCommander", "WpfCommander\WpfCommander.csproj", "{DF5EC1B7-3DA4-4A4F-86B9-E3230ED3BAD3}"
EndProject
Global
	GlobalSection(SolutionConfigurationPlatforms) = preSolution
		Debug|Any CPU = Debug|Any CPU
		Release|Any CPU = Release|Any CPU
	EndGlobalSection
	GlobalSection(ProjectConfigurationPlatforms) = postSolution
		{DF5EC1B7-3DA4-4A4F-86B9-E3230ED3BAD3}.Debug|Any CPU.ActiveCfg = Debug|Any CPU
		{DF5EC1B7-3DA4-4A4F-86B9-E3230ED3BAD3}.Debug|Any CPU.Build.0 = Debug|Any CPU
		{DF5EC1B7-3DA4-4A4F-86B9-E3230ED3BAD3}.Release|Any CPU.ActiveCfg = Release|Any CPU
		{DF5EC1B7-3DA4-4A4F-86B9-E3230ED3BAD3}.Release|Any CPU.Build.0 = Release|Any CPU
	EndGlobalSection
	GlobalSection(SolutionProperties) = preSolution
		HideSolutionNode = FALSE
	EndGlobalSection
	GlobalSection(ExtensibilityGlobals) = postSolution
		SolutionGuid = {0415CB64-916E-4071-B6BC-4B4697F32F92}
	EndGlobalSection
EndGlobal
